
Microsoft Visual Studio Solution File, Format Version 12.00
# Visual Studio Version 16
VisualStudioVersion = 16.0.30717.126
MinimumVisualStudioVersion = 10.0.40219.1
Project("{FAE04EC0-301F-11D3-BF4B-00C04F79EFBC}") = "MyWebProject", "MyWebProject\MyWebProject.csproj", "{961F412F-F09A-40F7-A1D7-8AAF092C13F6}"
EndProject
Project("{FAE04EC0-301F-11D3-BF4B-00C04F79EFBC}") = "DependencyInjection", "DependencyInjection\DependencyInjection.csproj", "{373FFAA0-7A1D-4B73-B552-4F1ABAB12562}"
EndProject
Project("{FAE04EC0-301F-11D3-BF4B-00C04F79EFBC}") = "MyWebFramework", "MyWebFramework\MyWebFramework.csproj", "{EF0AF3C4-F7F8-4B52-9C0C-F56E98734289}"
EndProject
Global
	GlobalSection(SolutionConfigurationPlatforms) = preSolution
		Debug|Any CPU = Debug|Any CPU
		Release|Any CPU = Release|Any CPU
	EndGlobalSection
	GlobalSection(ProjectConfigurationPlatforms) = postSolution
		{961F412F-F09A-40F7-A1D7-8AAF092C13F6}.Debug|Any CPU.ActiveCfg = Debug|Any CPU
		{961F412F-F09A-40F7-A1D7-8AAF092C13F6}.Debug|Any CPU.Build.0 = Debug|Any CPU
		{961F412F-F09A-40F7-A1D7-8AAF092C13F6}.Release|Any CPU.ActiveCfg = Release|Any CPU
		{961F412F-F09A-40F7-A1D7-8AAF092C13F6}.Release|Any CPU.Build.0 = Release|Any CPU
		{373FFAA0-7A1D-4B73-B552-4F1ABAB12562}.Debug|Any CPU.ActiveCfg = Debug|Any CPU
		{373FFAA0-7A1D-4B73-B552-4F1ABAB12562}.Debug|Any CPU.Build.0 = Debug|Any CPU
		{373FFAA0-7A1D-4B73-B552-4F1ABAB12562}.Release|Any CPU.ActiveCfg = Release|Any CPU
		{373FFAA0-7A1D-4B73-B552-4F1ABAB12562}.Release|Any CPU.Build.0 = Release|Any CPU
		{EF0AF3C4-F7F8-4B52-9C0C-F56E98734289}.Debug|Any CPU.ActiveCfg = Debug|Any CPU
		{EF0AF3C4-F7F8-4B52-9C0C-F56E98734289}.Debug|Any CPU.Build.0 = Debug|Any CPU
		{EF0AF3C4-F7F8-4B52-9C0C-F56E98734289}.Release|Any CPU.ActiveCfg = Release|Any CPU
		{EF0AF3C4-F7F8-4B52-9C0C-F56E98734289}.Release|Any CPU.Build.0 = Release|Any CPU
	EndGlobalSection
	GlobalSection(SolutionProperties) = preSolution
		HideSolutionNode = FALSE
	EndGlobalSection
	GlobalSection(ExtensibilityGlobals) = postSolution
		SolutionGuid = {6A0FA5C0-9ABE-4FE1-9507-D69BDDD435FC}
	EndGlobalSection
EndGlobal
